{
  "requires": true,
  "lockfileVersion": 1,
  "dependencies": {
    "solid-js": {
      "version": "1.3.10",
      "resolved": "https://registry.npmjs.org/solid-js/-/solid-js-1.3.10.tgz",
      "integrity": "sha512-yPo86et2J4ZPtvS0SYTAYFNYH4AZF04gYCgw8WPx8+JIdBKUCgwHhHNz/6PYUO5Ng1U3kTSrTW8hRO2T9Mdrzg==",
      "dev": true
    }
  }
}
